
Microsoft Visual Studio Solution File, Format Version 12.00
# Visual Studio Version 17
VisualStudioVersion = 17.0.31903.59
MinimumVisualStudioVersion = 10.0.40219.1
Project("{FAE04EC0-301F-11D3-BF4B-00C04F79EFBC}") = "CodeChallenge.Api", "CodeChallenge.Api\CodeChallenge.Api.csproj", "{34BC1728-7012-4537-AF48-B81DB8774246}"
EndProject
Project("{FAE04EC0-301F-11D3-BF4B-00C04F79EFBC}") = "CodeChallenge.Tests", "CodeChallenge.Tests\CodeChallenge.Tests.csproj", "{D64835FA-7A9F-4E6A-8A6D-1E877B78EDD2}"
EndProject
Global
	GlobalSection(SolutionConfigurationPlatforms) = preSolution
		Debug|Any CPU = Debug|Any CPU
		Debug|x64 = Debug|x64
		Debug|x86 = Debug|x86
		Release|Any CPU = Release|Any CPU
		Release|x64 = Release|x64
		Release|x86 = Release|x86
	EndGlobalSection
	GlobalSection(ProjectConfigurationPlatforms) = postSolution
		{34BC1728-7012-4537-AF48-B81DB8774246}.Debug|Any CPU.ActiveCfg = Debug|Any CPU
		{34BC1728-7012-4537-AF48-B81DB8774246}.Debug|Any CPU.Build.0 = Debug|Any CPU
		{34BC1728-7012-4537-AF48-B81DB8774246}.Debug|x64.ActiveCfg = Debug|Any CPU
		{34BC1728-7012-4537-AF48-B81DB8774246}.Debug|x64.Build.0 = Debug|Any CPU
		{34BC1728-7012-4537-AF48-B81DB8774246}.Debug|x86.ActiveCfg = Debug|Any CPU
		{34BC1728-7012-4537-AF48-B81DB8774246}.Debug|x86.Build.0 = Debug|Any CPU
		{34BC1728-7012-4537-AF48-B81DB8774246}.Release|Any CPU.ActiveCfg = Release|Any CPU
		{34BC1728-7012-4537-AF48-B81DB8774246}.Release|Any CPU.Build.0 = Release|Any CPU
		{34BC1728-7012-4537-AF48-B81DB8774246}.Release|x64.ActiveCfg = Release|Any CPU
		{34BC1728-7012-4537-AF48-B81DB8774246}.Release|x64.Build.0 = Release|Any CPU
		{34BC1728-7012-4537-AF48-B81DB8774246}.Release|x86.ActiveCfg = Release|Any CPU
		{34BC1728-7012-4537-AF48-B81DB8774246}.Release|x86.Build.0 = Release|Any CPU
		{D64835FA-7A9F-4E6A-8A6D-1E877B78EDD2}.Debug|Any CPU.ActiveCfg = Debug|Any CPU
		{D64835FA-7A9F-4E6A-8A6D-1E877B78EDD2}.Debug|Any CPU.Build.0 = Debug|Any CPU
		{D64835FA-7A9F-4E6A-8A6D-1E877B78EDD2}.Debug|x64.ActiveCfg = Debug|Any CPU
		{D64835FA-7A9F-4E6A-8A6D-1E877B78EDD2}.Debug|x64.Build.0 = Debug|Any CPU
		{D64835FA-7A9F-4E6A-8A6D-1E877B78EDD2}.Debug|x86.ActiveCfg = Debug|Any CPU
		{D64835FA-7A9F-4E6A-8A6D-1E877B78EDD2}.Debug|x86.Build.0 = Debug|Any CPU
		{D64835FA-7A9F-4E6A-8A6D-1E877B78EDD2}.Release|Any CPU.ActiveCfg = Release|Any CPU
		{D64835FA-7A9F-4E6A-8A6D-1E877B78EDD2}.Release|Any CPU.Build.0 = Release|Any CPU
		{D64835FA-7A9F-4E6A-8A6D-1E877B78EDD2}.Release|x64.ActiveCfg = Release|Any CPU
		{D64835FA-7A9F-4E6A-8A6D-1E877B78EDD2}.Release|x64.Build.0 = Release|Any CPU
		{D64835FA-7A9F-4E6A-8A6D-1E877B78EDD2}.Release|x86.ActiveCfg = Release|Any CPU
		{D64835FA-7A9F-4E6A-8A6D-1E877B78EDD2}.Release|x86.Build.0 = Release|Any CPU
	EndGlobalSection
	GlobalSection(SolutionProperties) = preSolution
		HideSolutionNode = FALSE
	EndGlobalSection
EndGlobal
